# This file is automatically @generated by Cargo.
# It is not intended for manual editing.
version = 3

[[package]]
name = "aho-corasick"
version = "1.1.3"
dependencies = [
 "memchr",
]

[[package]]
name = "autocfg"
version = "1.3.0"

[[package]]
name = "bitflags"
version = "2.8.0"

[[package]]
name = "branches"
version = "0.1.3"

[[package]]
name = "byteorder"
version = "1.5.0"

[[package]]
name = "cfg-if"
version = "1.0.0"

[[package]]
name = "fxhash2"
version = "2.1.0"

[[package]]
name = "getrandom"
version = "0.2.10"
dependencies = [
 "cfg-if",
 "libc",
]

[[package]]
name = "heck"
version = "0.5.0"

[[package]]
name = "indoc"
version = "2.0.5"

[[package]]
name = "itoa"
version = "1.0.11"

[[package]]
name = "libc"
version = "0.2.155"

[[package]]
name = "memchr"
version = "2.7.4"

[[package]]
name = "memoffset"
version = "0.9.1"
dependencies = [
 "autocfg",
]

[[package]]
name = "once_cell"
version = "1.19.0"

[[package]]
name = "paste"
version = "1.0.15"

[[package]]
name = "portable-atomic"
version = "1.10.0"

[[package]]
name = "proc-macro2"
version = "1.0.93"
dependencies = [
 "unicode-ident",
]

[[package]]
name = "pyo3"
version = "0.23.4"
dependencies = [
 "cfg-if",
 "indoc",
 "libc",
 "memoffset",
 "once_cell",
 "portable-atomic",
 "pyo3-build-config",
 "pyo3-ffi",
 "pyo3-macros",
 "serde",
 "unindent",
]

[[package]]
name = "pyo3-build-config"
version = "0.23.4"
dependencies = [
 "once_cell",
 "target-lexicon",
]

[[package]]
name = "pyo3-ffi"
version = "0.23.4"
dependencies = [
 "libc",
 "pyo3-build-config",
]

[[package]]
name = "pyo3-macros"
version = "0.23.4"
dependencies = [
 "proc-macro2",
 "pyo3-macros-backend",
 "quote",
 "syn",
]

[[package]]
name = "pyo3-macros-backend"
version = "0.23.4"
dependencies = [
 "heck",
 "proc-macro2",
 "pyo3-build-config",
 "quote",
 "syn",
]

[[package]]
name = "pythia"
version = "0.1.0-devel"
dependencies = [
 "bitflags",
 "byteorder",
 "fxhash2",
 "getrandom",
 "libc",
 "once_cell",
 "paste",
 "pyo3",
 "pyo3-ffi",
 "rclite",
 "regex",
 "serde",
 "serde_json",
 "serde_json_fmt",
 "signal_hook",
 "smol_str",
 "syn",
 "term_colors",
 "textwrap",
 "time",
]

[[package]]
name = "quote"
version = "1.0.38"
dependencies = [
 "proc-macro2",
]

[[package]]
name = "rclite"
version = "0.2.4"
dependencies = [
 "branches",
]

[[package]]
name = "regex"
version = "1.11.1"
dependencies = [
 "aho-corasick",
 "memchr",
 "regex-automata",
 "regex-syntax",
]

[[package]]
name = "regex-automata"
version = "0.4.9"
dependencies = [
 "aho-corasick",
 "memchr",
 "regex-syntax",
]

[[package]]
name = "regex-syntax"
version = "0.8.5"

[[package]]
name = "ryu"
version = "1.0.18"

[[package]]
name = "serde"
version = "1.0.217"
dependencies = [
 "serde_derive",
]

[[package]]
name = "serde_derive"
version = "1.0.217"
dependencies = [
 "proc-macro2",
 "quote",
 "syn",
]

[[package]]
name = "serde_json"
version = "1.0.135"
dependencies = [
 "itoa",
 "memchr",
 "ryu",
 "serde",
]

[[package]]
name = "serde_json_fmt"
version = "0.2.0-devel"
dependencies = [
 "serde",
 "serde_json",
]

[[package]]
name = "signal_hook"
version = "0.3.17"
dependencies = [
 "libc",
 "signal_hook_registry",
]

[[package]]
name = "signal_hook_registry"
version = "1.4.1"
dependencies = [
 "libc",
]

[[package]]
name = "smol_str"
version = "0.2.0"
dependencies = [
 "serde",
]

[[package]]
name = "syn"
version = "2.0.96"
dependencies = [
 "proc-macro2",
 "quote",
 "unicode-ident",
]

[[package]]
name = "target-lexicon"
version = "0.12.16"

[[package]]
name = "term_colors"
version = "2.1.0"
dependencies = [
 "once_cell",
]

[[package]]
name = "textwrap"
version = "0.16.2"

[[package]]
name = "time"
version = "0.1.45"
dependencies = [
 "libc",
]

[[package]]
name = "unicode-ident"
version = "1.0.14"

[[package]]
name = "unindent"
version = "0.2.3"
